
Microsoft Visual Studio Solution File, Format Version 12.00
# Visual Studio 15
VisualStudioVersion = 15.0.26430.12
MinimumVisualStudioVersion = 10.0.40219.1
Project("{2150E333-8FDC-42A3-9474-1A3956D46DE8}") = "0. Solution items", "0. Solution items", "{7664A776-FBC4-4DB1-BE35-29E9664E24B4}"
	ProjectSection(SolutionItems) = preProject
		.gitignore = .gitignore
		LICENSE = LICENSE
		README.md = README.md
		settings.yaml = settings.yaml
	EndProjectSection
EndProject
Project("{2150E333-8FDC-42A3-9474-1A3956D46DE8}") = "1. Domain", "1. Domain", "{CC2067D7-1971-47BB-B491-5649EA3C18B2}"
EndProject
Project("{9A19103F-16F7-4668-BE54-9A1E7A4F7556}") = "Lykke.LykkeType.LykkeService.Domain", "src\Lykke.LykkeType.LykkeService.Domain\Lykke.LykkeType.LykkeService.Domain.csproj", "{F5B2F6B8-A8CC-4612-8F1D-C063EB8C8955}"
EndProject
Project("{9A19103F-16F7-4668-BE54-9A1E7A4F7556}") = "Lykke.LykkeType.LykkeService.DomainServices", "src\Lykke.LykkeType.LykkeService.DomainServices\Lykke.LykkeType.LykkeService.DomainServices.csproj", "{2D5F52EC-2A27-4045-81ED-72355E2A6325}"
EndProject
Project("{2150E333-8FDC-42A3-9474-1A3956D46DE8}") = "2. Repositories", "2. Repositories", "{BF745453-B940-470E-81BC-43FB67703D4E}"
EndProject
Project("{9A19103F-16F7-4668-BE54-9A1E7A4F7556}") = "Lykke.LykkeType.LykkeService.AzureRepositories", "src\Lykke.LykkeType.LykkeService.AzureRepositories\Lykke.LykkeType.LykkeService.AzureRepositories.csproj", "{4BE49E02-AAAD-460B-8D00-57F412A3D181}"
EndProject
Project("{2150E333-8FDC-42A3-9474-1A3956D46DE8}") = "3. Contract", "3. Contract", "{14B5AF15-F733-4EF0-9FB9-3E61C4C83ADD}"
EndProject
##if (serviceType != 'Job')
Project("{9A19103F-16F7-4668-BE54-9A1E7A4F7556}") = "Lykke.Service.LykkeService.Contract", "contract\Lykke.Service.LykkeService.Contract\Lykke.Service.LykkeService.Contract.csproj", "{931B95E3-AF9F-4A4C-9C6A-5959C2FBCAC9}"
EndProject
##endif
##if (serviceType != 'Service')
Project("{9A19103F-16F7-4668-BE54-9A1E7A4F7556}") = "Lykke.Job.LykkeService.Contract", "contract\Lykke.Job.LykkeService.Contract\Lykke.Job.LykkeService.Contract.csproj", "{58FEDF76-9CC9-4B3B-877F-0795CE7C50F9}"
EndProject
##endif
##if (serviceType !='Job')
Project("{2150E333-8FDC-42A3-9474-1A3956D46DE8}") = "4. Client", "4. Client", "{C9A2CFDE-EA32-4946-B679-7CE6EFA816B8}"
EndProject
Project("{9A19103F-16F7-4668-BE54-9A1E7A4F7556}") = "Lykke.Service.LykkeService.Client", "client\Lykke.Service.LykkeService.Client\Lykke.Service.LykkeService.Client.csproj", "{3C300C31-97D3-41E8-A627-C53491BDA28B}"
EndProject
##endif
Project("{2150E333-8FDC-42A3-9474-1A3956D46DE8}") = "5. Tests", "5. Tests", "{8F9036B1-5106-4C69-B2D2-B78EE52687A0}"
EndProject
Project("{9A19103F-16F7-4668-BE54-9A1E7A4F7556}") = "Lykke.LykkeType.LykkeService.Tests", "tests\Lykke.LykkeType.LykkeService.Tests\Lykke.LykkeType.LykkeService.Tests.csproj", "{A61FFDEE-5725-4650-A788-6E55EE5EFD5B}"
EndProject
Project("{2150E333-8FDC-42A3-9474-1A3956D46DE8}") = "6. Hosts", "6. Hosts", "{EE7F3159-E06C-497F-96D4-DB2A6B03A6AB}"
EndProject
##if (serviceType != 'Job')
Project("{9A19103F-16F7-4668-BE54-9A1E7A4F7556}") = "Lykke.Service.LykkeService", "src\Lykke.Service.LykkeService\Lykke.Service.LykkeService.csproj", "{E414FDB9-FEEA-4CD0-9BBA-D1541601DF29}"
EndProject
##endif
##if (serviceType != 'Service')
Project("{9A19103F-16F7-4668-BE54-9A1E7A4F7556}") = "Lykke.Job.LykkeService", "src\Lykke.Job.LykkeService\Lykke.Job.LykkeService.csproj", "{5566FD3E-0DB6-4BF3-A98D-4A1181B3E02C}"
EndProject
##endif
Global
	GlobalSection(SolutionConfigurationPlatforms) = preSolution
		Debug|Any CPU = Debug|Any CPU
		Release|Any CPU = Release|Any CPU
	EndGlobalSection
	GlobalSection(ProjectConfigurationPlatforms) = postSolution
##if (serviceType != 'Job')
		{E414FDB9-FEEA-4CD0-9BBA-D1541601DF29}.Debug|Any CPU.ActiveCfg = Debug|Any CPU
		{E414FDB9-FEEA-4CD0-9BBA-D1541601DF29}.Debug|Any CPU.Build.0 = Debug|Any CPU
		{E414FDB9-FEEA-4CD0-9BBA-D1541601DF29}.Release|Any CPU.ActiveCfg = Release|Any CPU
		{E414FDB9-FEEA-4CD0-9BBA-D1541601DF29}.Release|Any CPU.Build.0 = Release|Any CPU
		{931B95E3-AF9F-4A4C-9C6A-5959C2FBCAC9}.Debug|Any CPU.ActiveCfg = Debug|Any CPU
		{931B95E3-AF9F-4A4C-9C6A-5959C2FBCAC9}.Debug|Any CPU.Build.0 = Debug|Any CPU
		{931B95E3-AF9F-4A4C-9C6A-5959C2FBCAC9}.Release|Any CPU.ActiveCfg = Release|Any CPU
		{931B95E3-AF9F-4A4C-9C6A-5959C2FBCAC9}.Release|Any CPU.Build.0 = Release|Any CPU
		{3C300C31-97D3-41E8-A627-C53491BDA28B}.Debug|Any CPU.ActiveCfg = Debug|Any CPU
		{3C300C31-97D3-41E8-A627-C53491BDA28B}.Debug|Any CPU.Build.0 = Debug|Any CPU
		{3C300C31-97D3-41E8-A627-C53491BDA28B}.Release|Any CPU.ActiveCfg = Release|Any CPU
		{3C300C31-97D3-41E8-A627-C53491BDA28B}.Release|Any CPU.Build.0 = Release|Any CPU
##endif
		{F5B2F6B8-A8CC-4612-8F1D-C063EB8C8955}.Debug|Any CPU.ActiveCfg = Debug|Any CPU
		{F5B2F6B8-A8CC-4612-8F1D-C063EB8C8955}.Debug|Any CPU.Build.0 = Debug|Any CPU
		{F5B2F6B8-A8CC-4612-8F1D-C063EB8C8955}.Release|Any CPU.ActiveCfg = Release|Any CPU
		{F5B2F6B8-A8CC-4612-8F1D-C063EB8C8955}.Release|Any CPU.Build.0 = Release|Any CPU
		{4BE49E02-AAAD-460B-8D00-57F412A3D181}.Debug|Any CPU.ActiveCfg = Debug|Any CPU
		{4BE49E02-AAAD-460B-8D00-57F412A3D181}.Debug|Any CPU.Build.0 = Debug|Any CPU
		{4BE49E02-AAAD-460B-8D00-57F412A3D181}.Release|Any CPU.ActiveCfg = Release|Any CPU
		{4BE49E02-AAAD-460B-8D00-57F412A3D181}.Release|Any CPU.Build.0 = Release|Any CPU
		{2D5F52EC-2A27-4045-81ED-72355E2A6325}.Debug|Any CPU.ActiveCfg = Debug|Any CPU
		{2D5F52EC-2A27-4045-81ED-72355E2A6325}.Debug|Any CPU.Build.0 = Debug|Any CPU
		{2D5F52EC-2A27-4045-81ED-72355E2A6325}.Release|Any CPU.ActiveCfg = Release|Any CPU
		{2D5F52EC-2A27-4045-81ED-72355E2A6325}.Release|Any CPU.Build.0 = Release|Any CPU
		{A61FFDEE-5725-4650-A788-6E55EE5EFD5B}.Debug|Any CPU.ActiveCfg = Debug|Any CPU
		{A61FFDEE-5725-4650-A788-6E55EE5EFD5B}.Debug|Any CPU.Build.0 = Debug|Any CPU
		{A61FFDEE-5725-4650-A788-6E55EE5EFD5B}.Release|Any CPU.ActiveCfg = Release|Any CPU
		{A61FFDEE-5725-4650-A788-6E55EE5EFD5B}.Release|Any CPU.Build.0 = Release|Any CPU
##if (serviceType != 'Service')
		{58FEDF76-9CC9-4B3B-877F-0795CE7C50F9}.Debug|Any CPU.ActiveCfg = Debug|Any CPU
		{58FEDF76-9CC9-4B3B-877F-0795CE7C50F9}.Debug|Any CPU.Build.0 = Debug|Any CPU
		{58FEDF76-9CC9-4B3B-877F-0795CE7C50F9}.Release|Any CPU.ActiveCfg = Release|Any CPU
		{58FEDF76-9CC9-4B3B-877F-0795CE7C50F9}.Release|Any CPU.Build.0 = Release|Any CPU
        {5566FD3E-0DB6-4BF3-A98D-4A1181B3E02C}.Debug|Any CPU.ActiveCfg = Debug|Any CPU
        {5566FD3E-0DB6-4BF3-A98D-4A1181B3E02C}.Debug|Any CPU.Build.0 = Debug|Any CPU
        {5566FD3E-0DB6-4BF3-A98D-4A1181B3E02C}.Release|Any CPU.ActiveCfg = Release|Any CPU
        {5566FD3E-0DB6-4BF3-A98D-4A1181B3E02C}.Release|Any CPU.Build.0 = Release|Any CPU
##endif
	EndGlobalSection
	GlobalSection(SolutionProperties) = preSolution
		HideSolutionNode = FALSE
	EndGlobalSection
	GlobalSection(NestedProjects) = preSolution
##if (serviceType != 'Job')
		{E414FDB9-FEEA-4CD0-9BBA-D1541601DF29} = {EE7F3159-E06C-497F-96D4-DB2A6B03A6AB}
		{931B95E3-AF9F-4A4C-9C6A-5959C2FBCAC9} = {14B5AF15-F733-4EF0-9FB9-3E61C4C83ADD}
		{3C300C31-97D3-41E8-A627-C53491BDA28B} = {C9A2CFDE-EA32-4946-B679-7CE6EFA816B8}
##endif
##if (serviceType != 'Service')
		{5566FD3E-0DB6-4BF3-A98D-4A1181B3E02C} = {EE7F3159-E06C-497F-96D4-DB2A6B03A6AB}
##endif
		{F5B2F6B8-A8CC-4612-8F1D-C063EB8C8955} = {CC2067D7-1971-47BB-B491-5649EA3C18B2}
		{4BE49E02-AAAD-460B-8D00-57F412A3D181} = {BF745453-B940-470E-81BC-43FB67703D4E}
		{2D5F52EC-2A27-4045-81ED-72355E2A6325} = {CC2067D7-1971-47BB-B491-5649EA3C18B2}
		{A61FFDEE-5725-4650-A788-6E55EE5EFD5B} = {8F9036B1-5106-4C69-B2D2-B78EE52687A0}
##if (serviceType != 'Service')
		{58FEDF76-9CC9-4B3B-877F-0795CE7C50F9} = {14B5AF15-F733-4EF0-9FB9-3E61C4C83ADD}
##endif
	EndGlobalSection
	GlobalSection(ExtensibilityGlobals) = postSolution
		SolutionGuid = {EB6C0EF4-AA6A-444D-8603-3669F73A58BC}
	EndGlobalSection
EndGlobal
